
Microsoft Visual Studio Solution File, Format Version 12.00
# Visual Studio Version 16
VisualStudioVersion = 16.0.31624.102
MinimumVisualStudioVersion = 10.0.40219.1
Project("{FAE04EC0-301F-11D3-BF4B-00C04F79EFBC}") = "RobotWarsSolutionCSharp", "RobotWarsSolutionCSharp.csproj", "{2D65CDB7-09FD-4B77-A30D-E576FB8AEBFA}"
EndProject
Global
	GlobalSection(SolutionConfigurationPlatforms) = preSolution
		Debug|Any CPU = Debug|Any CPU
		Release|Any CPU = Release|Any CPU
	EndGlobalSection
	GlobalSection(ProjectConfigurationPlatforms) = postSolution
		{2D65CDB7-09FD-4B77-A30D-E576FB8AEBFA}.Debug|Any CPU.ActiveCfg = Debug|Any CPU
		{2D65CDB7-09FD-4B77-A30D-E576FB8AEBFA}.Debug|Any CPU.Build.0 = Debug|Any CPU
		{2D65CDB7-09FD-4B77-A30D-E576FB8AEBFA}.Release|Any CPU.ActiveCfg = Release|Any CPU
		{2D65CDB7-09FD-4B77-A30D-E576FB8AEBFA}.Release|Any CPU.Build.0 = Release|Any CPU
	EndGlobalSection
	GlobalSection(SolutionProperties) = preSolution
		HideSolutionNode = FALSE
	EndGlobalSection
	GlobalSection(ExtensibilityGlobals) = postSolution
		SolutionGuid = {AAE408DC-3B93-4692-BF5D-1977F52E475F}
	EndGlobalSection
EndGlobal
